
Microsoft Visual Studio Solution File, Format Version 12.00
# Visual Studio Version 16
VisualStudioVersion = 16.0.32802.440
MinimumVisualStudioVersion = 10.0.40219.1
Project("{FAE04EC0-301F-11D3-BF4B-00C04F79EFBC}") = "dictionary_hackerrank_sorusu", "dictionary_hackerrank_sorusu\dictionary_hackerrank_sorusu.csproj", "{0D7CE465-B275-4E6C-9EF1-AAAF27C8C0D4}"
EndProject
Global
	GlobalSection(SolutionConfigurationPlatforms) = preSolution
		Debug|Any CPU = Debug|Any CPU
		Release|Any CPU = Release|Any CPU
	EndGlobalSection
	GlobalSection(ProjectConfigurationPlatforms) = postSolution
		{0D7CE465-B275-4E6C-9EF1-AAAF27C8C0D4}.Debug|Any CPU.ActiveCfg = Debug|Any CPU
		{0D7CE465-B275-4E6C-9EF1-AAAF27C8C0D4}.Debug|Any CPU.Build.0 = Debug|Any CPU
		{0D7CE465-B275-4E6C-9EF1-AAAF27C8C0D4}.Release|Any CPU.ActiveCfg = Release|Any CPU
		{0D7CE465-B275-4E6C-9EF1-AAAF27C8C0D4}.Release|Any CPU.Build.0 = Release|Any CPU
	EndGlobalSection
	GlobalSection(SolutionProperties) = preSolution
		HideSolutionNode = FALSE
	EndGlobalSection
	GlobalSection(ExtensibilityGlobals) = postSolution
		SolutionGuid = {3C460DFB-4ECF-458C-9230-D2220375FEAB}
	EndGlobalSection
EndGlobal
